
Microsoft Visual Studio Solution File, Format Version 12.00
# Visual Studio Version 17
VisualStudioVersion = 17.7.34031.279
MinimumVisualStudioVersion = 10.0.40219.1
Project("{8BC9CEB8-8B4A-11D0-8D11-00A0C91BC942}") = "cokyclik", "cokyclik\cokyclik.vcxproj", "{9D352542-A591-470C-A58D-C35168F0C662}"
EndProject
Global
	GlobalSection(SolutionConfigurationPlatforms) = preSolution
		Debug|x64 = Debug|x64
		Release|x64 = Release|x64
	EndGlobalSection
	GlobalSection(ProjectConfigurationPlatforms) = postSolution
		{9D352542-A591-470C-A58D-C35168F0C662}.Debug|x64.ActiveCfg = Debug|x64
		{9D352542-A591-470C-A58D-C35168F0C662}.Debug|x64.Build.0 = Debug|x64
		{9D352542-A591-470C-A58D-C35168F0C662}.Release|x64.ActiveCfg = Release|x64
		{9D352542-A591-470C-A58D-C35168F0C662}.Release|x64.Build.0 = Release|x64
	EndGlobalSection
	GlobalSection(SolutionProperties) = preSolution
		HideSolutionNode = FALSE
	EndGlobalSection
	GlobalSection(ExtensibilityGlobals) = postSolution
		SolutionGuid = {13D6CE1B-3376-4754-933D-57FB70EF3B94}
	EndGlobalSection
EndGlobal
